
Microsoft Visual Studio Solution File, Format Version 12.00
# Visual Studio Version 16
VisualStudioVersion = 16.0.30907.101
MinimumVisualStudioVersion = 10.0.40219.1
Project("{FAE04EC0-301F-11D3-BF4B-00C04F79EFBC}") = "Exercicio", "Exercicio\Exercicio.csproj", "{8923326D-4053-4367-BA88-AE1C09222130}"
EndProject
Global
	GlobalSection(SolutionConfigurationPlatforms) = preSolution
		Debug|Any CPU = Debug|Any CPU
		Release|Any CPU = Release|Any CPU
	EndGlobalSection
	GlobalSection(ProjectConfigurationPlatforms) = postSolution
		{8923326D-4053-4367-BA88-AE1C09222130}.Debug|Any CPU.ActiveCfg = Debug|Any CPU
		{8923326D-4053-4367-BA88-AE1C09222130}.Debug|Any CPU.Build.0 = Debug|Any CPU
		{8923326D-4053-4367-BA88-AE1C09222130}.Release|Any CPU.ActiveCfg = Release|Any CPU
		{8923326D-4053-4367-BA88-AE1C09222130}.Release|Any CPU.Build.0 = Release|Any CPU
	EndGlobalSection
	GlobalSection(SolutionProperties) = preSolution
		HideSolutionNode = FALSE
	EndGlobalSection
	GlobalSection(ExtensibilityGlobals) = postSolution
		SolutionGuid = {82BBDC56-03B0-4EBC-A3CA-6F9DB514CACF}
	EndGlobalSection
EndGlobal
